// !$*UTF8*$!
{
	archiveVersion = 1;
	classes = {
	};
	objectVersion = 55;
	objects = {

/* Begin PBXBuildFile section */
		040A15FF280858C500E19FD3 /* ChatView.swift in Sources */ = {isa = PBXBuildFile; fileRef = 040A15FE280858C500E19FD3 /* ChatView.swift */; };
		040A6BD327FF2D36001028E5 /* ChatAppApp.swift in Sources */ = {isa = PBXBuildFile; fileRef = 040A6BD227FF2D36001028E5 /* ChatAppApp.swift */; };
		040A6BD527FF2D36001028E5 /* ContentView.swift in Sources */ = {isa = PBXBuildFile; fileRef = 040A6BD427FF2D36001028E5 /* ContentView.swift */; };
		040A6BD727FF2D37001028E5 /* Assets.xcassets in Resources */ = {isa = PBXBuildFile; fileRef = 040A6BD627FF2D37001028E5 /* Assets.xcassets */; };
		040A6BDA27FF2D37001028E5 /* Preview Assets.xcassets in Resources */ = {isa = PBXBuildFile; fileRef = 040A6BD927FF2D37001028E5 /* Preview Assets.xcassets */; };
		040A6BE227FF3417001028E5 /* LoginView.swift in Sources */ = {isa = PBXBuildFile; fileRef = 040A6BE127FF3417001028E5 /* LoginView.swift */; };
		040BB16D28070A3500CCF91F /* NewMessagesView.swift in Sources */ = {isa = PBXBuildFile; fileRef = 040BB16C28070A3500CCF91F /* NewMessagesView.swift */; };
		040BB16F28070C5E00CCF91F /* NewMessageViewController.swift in Sources */ = {isa = PBXBuildFile; fileRef = 040BB16E28070C5E00CCF91F /* NewMessageViewController.swift */; };
		04266B6428009CCC00994883 /* ImagePicker.swift in Sources */ = {isa = PBXBuildFile; fileRef = 04266B6328009CCC00994883 /* ImagePicker.swift */; };
		04266B6628010D8800994883 /* FirebaseManager.swift in Sources */ = {isa = PBXBuildFile; fileRef = 04266B6528010D8800994883 /* FirebaseManager.swift */; };
		04266B69280113E500994883 /* MainMessagesView.swift in Sources */ = {isa = PBXBuildFile; fileRef = 04266B68280113E500994883 /* MainMessagesView.swift */; };
		04266B6C2801156100994883 /* ChatCard.swift in Sources */ = {isa = PBXBuildFile; fileRef = 04266B6B2801156100994883 /* ChatCard.swift */; };
		043DFF0F2809B9FE00390F9A /* ChatViewController.swift in Sources */ = {isa = PBXBuildFile; fileRef = 043DFF0E2809B9FE00390F9A /* ChatViewController.swift */; };
		043DFF112809BB0100390F9A /* Message.swift in Sources */ = {isa = PBXBuildFile; fileRef = 043DFF102809BB0100390F9A /* Message.swift */; };
		043DFF132809D28700390F9A /* MessageCard.swift in Sources */ = {isa = PBXBuildFile; fileRef = 043DFF122809D28700390F9A /* MessageCard.swift */; };
		043DFF152809D70100390F9A /* UserCard.swift in Sources */ = {isa = PBXBuildFile; fileRef = 043DFF142809D70100390F9A /* UserCard.swift */; };
		043DFF182809D7C000390F9A /* LoginViewController.swift in Sources */ = {isa = PBXBuildFile; fileRef = 043DFF172809D7C000390F9A /* LoginViewController.swift */; };
		046C458A2804D0C8002011CB /* SDWebImageSwiftUI in Frameworks */ = {isa = PBXBuildFile; productRef = 046C45892804D0C8002011CB /* SDWebImageSwiftUI */; };
		046C458D2804D432002011CB /* ChatUser.swift in Sources */ = {isa = PBXBuildFile; fileRef = 046C458C2804D432002011CB /* ChatUser.swift */; };
		046C458F2804DC36002011CB /* MainMessageViewController.swift in Sources */ = {isa = PBXBuildFile; fileRef = 046C458E2804DC36002011CB /* MainMessageViewController.swift */; };
		04ED4913280B041E00506311 /* FirebaseAuth in Frameworks */ = {isa = PBXBuildFile; productRef = 04ED4912280B041E00506311 /* FirebaseAuth */; };
		04ED4915280B041E00506311 /* FirebaseFirestore in Frameworks */ = {isa = PBXBuildFile; productRef = 04ED4914280B041E00506311 /* FirebaseFirestore */; };
		04ED4917280B041E00506311 /* FirebaseFirestoreSwift-Beta in Frameworks */ = {isa = PBXBuildFile; productRef = 04ED4916280B041E00506311 /* FirebaseFirestoreSwift-Beta */; };
		04ED4919280B041E00506311 /* FirebaseStorage in Frameworks */ = {isa = PBXBuildFile; productRef = 04ED4918280B041E00506311 /* FirebaseStorage */; };
		04ED491B280B041E00506311 /* FirebaseStorageSwift-Beta in Frameworks */ = {isa = PBXBuildFile; productRef = 04ED491A280B041E00506311 /* FirebaseStorageSwift-Beta */; };
/* End PBXBuildFile section */

/* Begin PBXFileReference section */
		040A15FE280858C500E19FD3 /* ChatView.swift */ = {isa = PBXFileReference; lastKnownFileType = sourcecode.swift; path = ChatView.swift; sourceTree = "<group>"; };
		040A6BCF27FF2D36001028E5 /* ChatApp.app */ = {isa = PBXFileReference; explicitFileType = wrapper.application; includeInIndex = 0; path = ChatApp.app; sourceTree = BUILT_PRODUCTS_DIR; };
		040A6BD227FF2D36001028E5 /* ChatAppApp.swift */ = {isa = PBXFileReference; lastKnownFileType = sourcecode.swift; path = ChatAppApp.swift; sourceTree = "<group>"; };
		040A6BD427FF2D36001028E5 /* ContentView.swift */ = {isa = PBXFileReference; lastKnownFileType = sourcecode.swift; path = ContentView.swift; sourceTree = "<group>"; };
		040A6BD627FF2D37001028E5 /* Assets.xcassets */ = {isa = PBXFileReference; lastKnownFileType = folder.assetcatalog; path = Assets.xcassets; sourceTree = "<group>"; };
		040A6BD927FF2D37001028E5 /* Preview Assets.xcassets */ = {isa = PBXFileReference; lastKnownFileType = folder.assetcatalog; path = "Preview Assets.xcassets"; sourceTree = "<group>"; };
		040A6BE127FF3417001028E5 /* LoginView.swift */ = {isa = PBXFileReference; lastKnownFileType = sourcecode.swift; path = LoginView.swift; sourceTree = "<group>"; };
		040BB16C28070A3500CCF91F /* NewMessagesView.swift */ = {isa = PBXFileReference; lastKnownFileType = sourcecode.swift; path = NewMessagesView.swift; sourceTree = "<group>"; };
		040BB16E28070C5E00CCF91F /* NewMessageViewController.swift */ = {isa = PBXFileReference; lastKnownFileType = sourcecode.swift; path = NewMessageViewController.swift; sourceTree = "<group>"; };
		04266B6328009CCC00994883 /* ImagePicker.swift */ = {isa = PBXFileReference; lastKnownFileType = sourcecode.swift; path = ImagePicker.swift; sourceTree = "<group>"; };
		04266B6528010D8800994883 /* FirebaseManager.swift */ = {isa = PBXFileReference; lastKnownFileType = sourcecode.swift; path = FirebaseManager.swift; sourceTree = "<group>"; };
		04266B68280113E500994883 /* MainMessagesView.swift */ = {isa = PBXFileReference; lastKnownFileType = sourcecode.swift; path = MainMessagesView.swift; sourceTree = "<group>"; };
		04266B6B2801156100994883 /* ChatCard.swift */ = {isa = PBXFileReference; lastKnownFileType = sourcecode.swift; path = ChatCard.swift; sourceTree = "<group>"; };
		043DFF0E2809B9FE00390F9A /* ChatViewController.swift */ = {isa = PBXFileReference; lastKnownFileType = sourcecode.swift; path = ChatViewController.swift; sourceTree = "<group>"; };
		043DFF102809BB0100390F9A /* Message.swift */ = {isa = PBXFileReference; lastKnownFileType = sourcecode.swift; path = Message.swift; sourceTree = "<group>"; };
		043DFF122809D28700390F9A /* MessageCard.swift */ = {isa = PBXFileReference; lastKnownFileType = sourcecode.swift; path = MessageCard.swift; sourceTree = "<group>"; };
		043DFF142809D70100390F9A /* UserCard.swift */ = {isa = PBXFileReference; lastKnownFileType = sourcecode.swift; path = UserCard.swift; sourceTree = "<group>"; };
		043DFF172809D7C000390F9A /* LoginViewController.swift */ = {isa = PBXFileReference; lastKnownFileType = sourcecode.swift; path = LoginViewController.swift; sourceTree = "<group>"; };
		046C458C2804D432002011CB /* ChatUser.swift */ = {isa = PBXFileReference; lastKnownFileType = sourcecode.swift; path = ChatUser.swift; sourceTree = "<group>"; };
		046C458E2804DC36002011CB /* MainMessageViewController.swift */ = {isa = PBXFileReference; lastKnownFileType = sourcecode.swift; path = MainMessageViewController.swift; sourceTree = "<group>"; };
/* End PBXFileReference section */

/* Begin PBXFrameworksBuildPhase section */
		040A6BCC27FF2D36001028E5 /* Frameworks */ = {
			isa = PBXFrameworksBuildPhase;
			buildActionMask = 2147483647;
			files = (
				046C458A2804D0C8002011CB /* SDWebImageSwiftUI in Frameworks */,
				04ED4917280B041E00506311 /* FirebaseFirestoreSwift-Beta in Frameworks */,
				04ED4913280B041E00506311 /* FirebaseAuth in Frameworks */,
				04ED4919280B041E00506311 /* FirebaseStorage in Frameworks */,
				04ED4915280B041E00506311 /* FirebaseFirestore in Frameworks */,
				04ED491B280B041E00506311 /* FirebaseStorageSwift-Beta in Frameworks */,
			);
			runOnlyForDeploymentPostprocessing = 0;
		};
/* End PBXFrameworksBuildPhase section */

/* Begin PBXGroup section */
		040A6BC627FF2D36001028E5 = {
			isa = PBXGroup;
			children = (
				040A6BD127FF2D36001028E5 /* ChatApp */,
				040A6BD027FF2D36001028E5 /* Products */,
			);
			sourceTree = "<group>";
		};
		040A6BD027FF2D36001028E5 /* Products */ = {
			isa = PBXGroup;
			children = (
				040A6BCF27FF2D36001028E5 /* ChatApp.app */,
			);
			name = Products;
			sourceTree = "<group>";
		};
		040A6BD127FF2D36001028E5 /* ChatApp */ = {
			isa = PBXGroup;
			children = (
				043DFF162809D76800390F9A /* Utils */,
				046C458B2804D422002011CB /* model */,
				04266B6A2801155500994883 /* Componets */,
				04266B6228009CB200994883 /* Controller */,
				040A6BE027FF33F5001028E5 /* Views */,
				040A6BD227FF2D36001028E5 /* ChatAppApp.swift */,
				040A6BD427FF2D36001028E5 /* ContentView.swift */,
				040A6BD627FF2D37001028E5 /* Assets.xcassets */,
				040A6BD827FF2D37001028E5 /* Preview Content */,
			);
			path = ChatApp;
			sourceTree = "<group>";
		};
		040A6BD827FF2D37001028E5 /* Preview Content */ = {
			isa = PBXGroup;
			children = (
				040A6BD927FF2D37001028E5 /* Preview Assets.xcassets */,
			);
			path = "Preview Content";
			sourceTree = "<group>";
		};
		040A6BE027FF33F5001028E5 /* Views */ = {
			isa = PBXGroup;
			children = (
				040A6BE127FF3417001028E5 /* LoginView.swift */,
				04266B68280113E500994883 /* MainMessagesView.swift */,
				040BB16C28070A3500CCF91F /* NewMessagesView.swift */,
				040A15FE280858C500E19FD3 /* ChatView.swift */,
			);
			path = Views;
			sourceTree = "<group>";
		};
		04266B6228009CB200994883 /* Controller */ = {
			isa = PBXGroup;
			children = (
				046C458E2804DC36002011CB /* MainMessageViewController.swift */,
				040BB16E28070C5E00CCF91F /* NewMessageViewController.swift */,
				043DFF0E2809B9FE00390F9A /* ChatViewController.swift */,
				043DFF172809D7C000390F9A /* LoginViewController.swift */,
			);
			path = Controller;
			sourceTree = "<group>";
		};
		04266B6A2801155500994883 /* Componets */ = {
			isa = PBXGroup;
			children = (
				04266B6B2801156100994883 /* ChatCard.swift */,
				043DFF122809D28700390F9A /* MessageCard.swift */,
				043DFF142809D70100390F9A /* UserCard.swift */,
			);
			path = Componets;
			sourceTree = "<group>";
		};
		043DFF162809D76800390F9A /* Utils */ = {
			isa = PBXGroup;
			children = (
				04266B6528010D8800994883 /* FirebaseManager.swift */,
				04266B6328009CCC00994883 /* ImagePicker.swift */,
			);
			path = Utils;
			sourceTree = "<group>";
		};
		046C458B2804D422002011CB /* model */ = {
			isa = PBXGroup;
			children = (
				046C458C2804D432002011CB /* ChatUser.swift */,
				043DFF102809BB0100390F9A /* Message.swift */,
			);
			path = model;
			sourceTree = "<group>";
		};
/* End PBXGroup section */

/* Begin PBXNativeTarget section */
		040A6BCE27FF2D36001028E5 /* ChatApp */ = {
			isa = PBXNativeTarget;
			buildConfigurationList = 040A6BDD27FF2D37001028E5 /* Build configuration list for PBXNativeTarget "ChatApp" */;
			buildPhases = (
				040A6BCB27FF2D36001028E5 /* Sources */,
				040A6BCC27FF2D36001028E5 /* Frameworks */,
				040A6BCD27FF2D36001028E5 /* Resources */,
			);
			buildRules = (
			);
			dependencies = (
			);
			name = ChatApp;
			packageProductDependencies = (
				046C45892804D0C8002011CB /* SDWebImageSwiftUI */,
				04ED4912280B041E00506311 /* FirebaseAuth */,
				04ED4914280B041E00506311 /* FirebaseFirestore */,
				04ED4916280B041E00506311 /* FirebaseFirestoreSwift-Beta */,
				04ED4918280B041E00506311 /* FirebaseStorage */,
				04ED491A280B041E00506311 /* FirebaseStorageSwift-Beta */,
			);
			productName = ChatApp;
			productReference = 040A6BCF27FF2D36001028E5 /* ChatApp.app */;
			productType = "com.apple.product-type.application";
		};
/* End PBXNativeTarget section */

/* Begin PBXProject section */
		040A6BC727FF2D36001028E5 /* Project object */ = {
			isa = PBXProject;
			attributes = {
				BuildIndependentTargetsInParallel = 1;
				LastSwiftUpdateCheck = 1320;
				LastUpgradeCheck = 1320;
				TargetAttributes = {
					040A6BCE27FF2D36001028E5 = {
						CreatedOnToolsVersion = 13.2.1;
					};
				};
			};
			buildConfigurationList = 040A6BCA27FF2D36001028E5 /* Build configuration list for PBXProject "ChatApp" */;
			compatibilityVersion = "Xcode 13.0";
			developmentRegion = en;
			hasScannedForEncodings = 0;
			knownRegions = (
				en,
				Base,
			);
			mainGroup = 040A6BC627FF2D36001028E5;
			packageReferences = (
				046C45882804D0C8002011CB /* XCRemoteSwiftPackageReference "SDWebImageSwiftUI" */,
				04ED4911280B041E00506311 /* XCRemoteSwiftPackageReference "firebase-ios-sdk" */,
			);
			productRefGroup = 040A6BD027FF2D36001028E5 /* Products */;
			projectDirPath = "";
			projectRoot = "";
			targets = (
				040A6BCE27FF2D36001028E5 /* ChatApp */,
			);
		};
/* End PBXProject section */

/* Begin PBXResourcesBuildPhase section */
		040A6BCD27FF2D36001028E5 /* Resources */ = {
			isa = PBXResourcesBuildPhase;
			buildActionMask = 2147483647;
			files = (
				040A6BDA27FF2D37001028E5 /* Preview Assets.xcassets in Resources */,
				040A6BD727FF2D37001028E5 /* Assets.xcassets in Resources */,
			);
			runOnlyForDeploymentPostprocessing = 0;
		};
/* End PBXResourcesBuildPhase section */

/* Begin PBXSourcesBuildPhase section */
		040A6BCB27FF2D36001028E5 /* Sources */ = {
			isa = PBXSourcesBuildPhase;
			buildActionMask = 2147483647;
			files = (
				046C458D2804D432002011CB /* ChatUser.swift in Sources */,
				040A6BE227FF3417001028E5 /* LoginView.swift in Sources */,
				043DFF152809D70100390F9A /* UserCard.swift in Sources */,
				046C458F2804DC36002011CB /* MainMessageViewController.swift in Sources */,
				040BB16F28070C5E00CCF91F /* NewMessageViewController.swift in Sources */,
				040A15FF280858C500E19FD3 /* ChatView.swift in Sources */,
				04266B69280113E500994883 /* MainMessagesView.swift in Sources */,
				04266B6428009CCC00994883 /* ImagePicker.swift in Sources */,
				043DFF132809D28700390F9A /* MessageCard.swift in Sources */,
				04266B6C2801156100994883 /* ChatCard.swift in Sources */,
				04266B6628010D8800994883 /* FirebaseManager.swift in Sources */,
				043DFF182809D7C000390F9A /* LoginViewController.swift in Sources */,
				043DFF0F2809B9FE00390F9A /* ChatViewController.swift in Sources */,
				040BB16D28070A3500CCF91F /* NewMessagesView.swift in Sources */,
				040A6BD527FF2D36001028E5 /* ContentView.swift in Sources */,
				040A6BD327FF2D36001028E5 /* ChatAppApp.swift in Sources */,
				043DFF112809BB0100390F9A /* Message.swift in Sources */,
			);
			runOnlyForDeploymentPostprocessing = 0;
		};
/* End PBXSourcesBuildPhase section */

/* Begin XCBuildConfiguration section */
		040A6BDB27FF2D37001028E5 /* Debug */ = {
			isa = XCBuildConfiguration;
			buildSettings = {
				ALWAYS_SEARCH_USER_PATHS = NO;
				CLANG_ANALYZER_NONNULL = YES;
				CLANG_ANALYZER_NUMBER_OBJECT_CONVERSION = YES_AGGRESSIVE;
				CLANG_CXX_LANGUAGE_STANDARD = "gnu++17";
				CLANG_CXX_LIBRARY = "libc++";
				CLANG_ENABLE_MODULES = YES;
				CLANG_ENABLE_OBJC_ARC = YES;
				CLANG_ENABLE_OBJC_WEAK = YES;
				CLANG_WARN_BLOCK_CAPTURE_AUTORELEASING = YES;
				CLANG_WARN_BOOL_CONVERSION = YES;
				CLANG_WARN_COMMA = YES;
				CLANG_WARN_CONSTANT_CONVERSION = YES;
				CLANG_WARN_DEPRECATED_OBJC_IMPLEMENTATIONS = YES;
				CLANG_WARN_DIRECT_OBJC_ISA_USAGE = YES_ERROR;
				CLANG_WARN_DOCUMENTATION_COMMENTS = YES;
				CLANG_WARN_EMPTY_BODY = YES;
				CLANG_WARN_ENUM_CONVERSION = YES;
				CLANG_WARN_INFINITE_RECURSION = YES;
				CLANG_WARN_INT_CONVERSION = YES;
				CLANG_WARN_NON_LITERAL_NULL_CONVERSION = YES;
				CLANG_WARN_OBJC_IMPLICIT_RETAIN_SELF = YES;
				CLANG_WARN_OBJC_LITERAL_CONVERSION = YES;
				CLANG_WARN_OBJC_ROOT_CLASS = YES_ERROR;
				CLANG_WARN_QUOTED_INCLUDE_IN_FRAMEWORK_HEADER = YES;
				CLANG_WARN_RANGE_LOOP_ANALYSIS = YES;
				CLANG_WARN_STRICT_PROTOTYPES = YES;
				CLANG_WARN_SUSPICIOUS_MOVE = YES;
				CLANG_WARN_UNGUARDED_AVAILABILITY = YES_AGGRESSIVE;
				CLANG_WARN_UNREACHABLE_CODE = YES;
				CLANG_WARN__DUPLICATE_METHOD_MATCH = YES;
				COPY_PHASE_STRIP = NO;
				DEBUG_INFORMATION_FORMAT = dwarf;
				ENABLE_STRICT_OBJC_MSGSEND = YES;
				ENABLE_TESTABILITY = YES;
				GCC_C_LANGUAGE_STANDARD = gnu11;
				GCC_DYNAMIC_NO_PIC = NO;
				GCC_NO_COMMON_BLOCKS = YES;
				GCC_OPTIMIZATION_LEVEL = 0;
				GCC_PREPROCESSOR_DEFINITIONS = (
					"DEBUG=1",
					"$(inherited)",
				);
				GCC_WARN_64_TO_32_BIT_CONVERSION = YES;
				GCC_WARN_ABOUT_RETURN_TYPE = YES_ERROR;
				GCC_WARN_UNDECLARED_SELECTOR = YES;
				GCC_WARN_UNINITIALIZED_AUTOS = YES_AGGRESSIVE;
				GCC_WARN_UNUSED_FUNCTION = YES;
				GCC_WARN_UNUSED_VARIABLE = YES;
				IPHONEOS_DEPLOYMENT_TARGET = 15.2;
				MTL_ENABLE_DEBUG_INFO = INCLUDE_SOURCE;
				MTL_FAST_MATH = YES;
				ONLY_ACTIVE_ARCH = YES;
				SDKROOT = iphoneos;
				SWIFT_ACTIVE_COMPILATION_CONDITIONS = DEBUG;
				SWIFT_OPTIMIZATION_LEVEL = "-Onone";
			};
			name = Debug;
		};
		040A6BDC27FF2D37001028E5 /* Release */ = {
			isa = XCBuildConfiguration;
			buildSettings = {
				ALWAYS_SEARCH_USER_PATHS = NO;
				CLANG_ANALYZER_NONNULL = YES;
				CLANG_ANALYZER_NUMBER_OBJECT_CONVERSION = YES_AGGRESSIVE;
				CLANG_CXX_LANGUAGE_STANDARD = "gnu++17";
				CLANG_CXX_LIBRARY = "libc++";
				CLANG_ENABLE_MODULES = YES;
				CLANG_ENABLE_OBJC_ARC = YES;
				CLANG_ENABLE_OBJC_WEAK = YES;
				CLANG_WARN_BLOCK_CAPTURE_AUTORELEASING = YES;
				CLANG_WARN_BOOL_CONVERSION = YES;
				CLANG_WARN_COMMA = YES;
				CLANG_WARN_CONSTANT_CONVERSION = YES;
				CLANG_WARN_DEPRECATED_OBJC_IMPLEMENTATIONS = YES;
				CLANG_WARN_DIRECT_OBJC_ISA_USAGE = YES_ERROR;
				CLANG_WARN_DOCUMENTATION_COMMENTS = YES;
				CLANG_WARN_EMPTY_BODY = YES;
				CLANG_WARN_ENUM_CONVERSION = YES;
				CLANG_WARN_INFINITE_RECURSION = YES;
				CLANG_WARN_INT_CONVERSION = YES;
				CLANG_WARN_NON_LITERAL_NULL_CONVERSION = YES;
				CLANG_WARN_OBJC_IMPLICIT_RETAIN_SELF = YES;
				CLANG_WARN_OBJC_LITERAL_CONVERSION = YES;
				CLANG_WARN_OBJC_ROOT_CLASS = YES_ERROR;
				CLANG_WARN_QUOTED_INCLUDE_IN_FRAMEWORK_HEADER = YES;
				CLANG_WARN_RANGE_LOOP_ANALYSIS = YES;
				CLANG_WARN_STRICT_PROTOTYPES = YES;
				CLANG_WARN_SUSPICIOUS_MOVE = YES;
				CLANG_WARN_UNGUARDED_AVAILABILITY = YES_AGGRESSIVE;
				CLANG_WARN_UNREACHABLE_CODE = YES;
				CLANG_WARN__DUPLICATE_METHOD_MATCH = YES;
				COPY_PHASE_STRIP = NO;
				DEBUG_INFORMATION_FORMAT = "dwarf-with-dsym";
				ENABLE_NS_ASSERTIONS = NO;
				ENABLE_STRICT_OBJC_MSGSEND = YES;
				GCC_C_LANGUAGE_STANDARD = gnu11;
				GCC_NO_COMMON_BLOCKS = YES;
				GCC_WARN_64_TO_32_BIT_CONVERSION = YES;
				GCC_WARN_ABOUT_RETURN_TYPE = YES_ERROR;
				GCC_WARN_UNDECLARED_SELECTOR = YES;
				GCC_WARN_UNINITIALIZED_AUTOS = YES_AGGRESSIVE;
				GCC_WARN_UNUSED_FUNCTION = YES;
				GCC_WARN_UNUSED_VARIABLE = YES;
				IPHONEOS_DEPLOYMENT_TARGET = 15.2;
				MTL_ENABLE_DEBUG_INFO = NO;
				MTL_FAST_MATH = YES;
				SDKROOT = iphoneos;
				SWIFT_COMPILATION_MODE = wholemodule;
				SWIFT_OPTIMIZATION_LEVEL = "-O";
				VALIDATE_PRODUCT = YES;
			};
			name = Release;
		};
		040A6BDE27FF2D37001028E5 /* Debug */ = {
			isa = XCBuildConfiguration;
			buildSettings = {
				ASSETCATALOG_COMPILER_APPICON_NAME = AppIcon;
				ASSETCATALOG_COMPILER_GLOBAL_ACCENT_COLOR_NAME = AccentColor;
				CODE_SIGN_STYLE = Automatic;
				CURRENT_PROJECT_VERSION = 1;
				DEVELOPMENT_ASSET_PATHS = "\"ChatApp/Preview Content\"";
				DEVELOPMENT_TEAM = TMHMC2H3F4;
				ENABLE_PREVIEWS = YES;
				GENERATE_INFOPLIST_FILE = YES;
				INFOPLIST_KEY_UIApplicationSceneManifest_Generation = YES;
				INFOPLIST_KEY_UIApplicationSupportsIndirectInputEvents = YES;
				INFOPLIST_KEY_UILaunchScreen_Generation = YES;
				INFOPLIST_KEY_UISupportedInterfaceOrientations_iPad = "UIInterfaceOrientationPortrait UIInterfaceOrientationPortraitUpsideDown UIInterfaceOrientationLandscapeLeft UIInterfaceOrientationLandscapeRight";
				INFOPLIST_KEY_UISupportedInterfaceOrientations_iPhone = "UIInterfaceOrientationPortrait UIInterfaceOrientationLandscapeLeft UIInterfaceOrientationLandscapeRight";
				LD_RUNPATH_SEARCH_PATHS = (
					"$(inherited)",
					"@executable_path/Frameworks",
				);
				MARKETING_VERSION = 1.0;
				PRODUCT_BUNDLE_IDENTIFIER = com.chakib.ChatApp;
				PRODUCT_NAME = "$(TARGET_NAME)";
				SWIFT_EMIT_LOC_STRINGS = YES;
				SWIFT_VERSION = 5.0;
				TARGETED_DEVICE_FAMILY = "1,2";
			};
			name = Debug;
		};
		040A6BDF27FF2D37001028E5 /* Release */ = {
			isa = XCBuildConfiguration;
			buildSettings = {
				ASSETCATALOG_COMPILER_APPICON_NAME = AppIcon;
				ASSETCATALOG_COMPILER_GLOBAL_ACCENT_COLOR_NAME = AccentColor;
				CODE_SIGN_STYLE = Automatic;
				CURRENT_PROJECT_VERSION = 1;
				DEVELOPMENT_ASSET_PATHS = "\"ChatApp/Preview Content\"";
				DEVELOPMENT_TEAM = TMHMC2H3F4;
				ENABLE_PREVIEWS = YES;
				GENERATE_INFOPLIST_FILE = YES;
				INFOPLIST_KEY_UIApplicationSceneManifest_Generation = YES;
				INFOPLIST_KEY_UIApplicationSupportsIndirectInputEvents = YES;
				INFOPLIST_KEY_UILaunchScreen_Generation = YES;
				INFOPLIST_KEY_UISupportedInterfaceOrientations_iPad = "UIInterfaceOrientationPortrait UIInterfaceOrientationPortraitUpsideDown UIInterfaceOrientationLandscapeLeft UIInterfaceOrientationLandscapeRight";
				INFOPLIST_KEY_UISupportedInterfaceOrientations_iPhone = "UIInterfaceOrientationPortrait UIInterfaceOrientationLandscapeLeft UIInterfaceOrientationLandscapeRight";
				LD_RUNPATH_SEARCH_PATHS = (
					"$(inherited)",
					"@executable_path/Frameworks",
				);
				MARKETING_VERSION = 1.0;
				PRODUCT_BUNDLE_IDENTIFIER = com.chakib.ChatApp;
				PRODUCT_NAME = "$(TARGET_NAME)";
				SWIFT_EMIT_LOC_STRINGS = YES;
				SWIFT_VERSION = 5.0;
				TARGETED_DEVICE_FAMILY = "1,2";
			};
			name = Release;
		};
/* End XCBuildConfiguration section */

/* Begin XCConfigurationList section */
		040A6BCA27FF2D36001028E5 /* Build configuration list for PBXProject "ChatApp" */ = {
			isa = XCConfigurationList;
			buildConfigurations = (
				040A6BDB27FF2D37001028E5 /* Debug */,
				040A6BDC27FF2D37001028E5 /* Release */,
			);
			defaultConfigurationIsVisible = 0;
			defaultConfigurationName = Release;
		};
		040A6BDD27FF2D37001028E5 /* Build configuration list for PBXNativeTarget "ChatApp" */ = {
			isa = XCConfigurationList;
			buildConfigurations = (
				040A6BDE27FF2D37001028E5 /* Debug */,
				040A6BDF27FF2D37001028E5 /* Release */,
			);
			defaultConfigurationIsVisible = 0;
			defaultConfigurationName = Release;
		};
/* End XCConfigurationList section */

/* Begin XCRemoteSwiftPackageReference section */
		046C45882804D0C8002011CB /* XCRemoteSwiftPackageReference "SDWebImageSwiftUI" */ = {
			isa = XCRemoteSwiftPackageReference;
			repositoryURL = "https://github.com/SDWebImage/SDWebImageSwiftUI";
			requirement = {
				kind = upToNextMajorVersion;
				minimumVersion = 2.0.0;
			};
		};
		04ED4911280B041E00506311 /* XCRemoteSwiftPackageReference "firebase-ios-sdk" */ = {
			isa = XCRemoteSwiftPackageReference;
			repositoryURL = "https://github.com/firebase/firebase-ios-sdk";
			requirement = {
				kind = upToNextMajorVersion;
				minimumVersion = 8.0.0;
			};
		};
/* End XCRemoteSwiftPackageReference section */

/* Begin XCSwiftPackageProductDependency section */
		046C45892804D0C8002011CB /* SDWebImageSwiftUI */ = {
			isa = XCSwiftPackageProductDependency;
			package = 046C45882804D0C8002011CB /* XCRemoteSwiftPackageReference "SDWebImageSwiftUI" */;
			productName = SDWebImageSwiftUI;
		};
		04ED4912280B041E00506311 /* FirebaseAuth */ = {
			isa = XCSwiftPackageProductDependency;
			package = 04ED4911280B041E00506311 /* XCRemoteSwiftPackageReference "firebase-ios-sdk" */;
			productName = FirebaseAuth;
		};
		04ED4914280B041E00506311 /* FirebaseFirestore */ = {
			isa = XCSwiftPackageProductDependency;
			package = 04ED4911280B041E00506311 /* XCRemoteSwiftPackageReference "firebase-ios-sdk" */;
			productName = FirebaseFirestore;
		};
		04ED4916280B041E00506311 /* FirebaseFirestoreSwift-Beta */ = {
			isa = XCSwiftPackageProductDependency;
			package = 04ED4911280B041E00506311 /* XCRemoteSwiftPackageReference "firebase-ios-sdk" */;
			productName = "FirebaseFirestoreSwift-Beta";
		};
		04ED4918280B041E00506311 /* FirebaseStorage */ = {
			isa = XCSwiftPackageProductDependency;
			package = 04ED4911280B041E00506311 /* XCRemoteSwiftPackageReference "firebase-ios-sdk" */;
			productName = FirebaseStorage;
		};
		04ED491A280B041E00506311 /* FirebaseStorageSwift-Beta */ = {
			isa = XCSwiftPackageProductDependency;
			package = 04ED4911280B041E00506311 /* XCRemoteSwiftPackageReference "firebase-ios-sdk" */;
			productName = "FirebaseStorageSwift-Beta";
		};
/* End XCSwiftPackageProductDependency section */
	};
	rootObject = 040A6BC727FF2D36001028E5 /* Project object */;
}
